Microsoft Visual Studio Solution File, Format Version 12.00
# Visual Studio Version 17
VisualStudioVersion = 17.5.2.0
MinimumVisualStudioVersion = 10.0.40219.1
Project("{9A19103F-16F7-4668-BE54-9A1E7A4F7556}") = "Magazyn", "Magazyn\Magazyn.csproj", "{6365FF08-F99F-3771-DAB3-A0A2D9305F2C}"
EndProject
Project("{9A19103F-16F7-4668-BE54-9A1E7A4F7556}") = "Magazyn.Tests", "Magazyn.Tests\Magazyn.Tests\Magazyn.Tests.csproj", "{B6872715-4194-4595-B525-FA43FA49704E}"
EndProject
Global
	GlobalSection(SolutionConfigurationPlatforms) = preSolution
		Debug|Any CPU = Debug|Any CPU
		Release|Any CPU = Release|Any CPU
	EndGlobalSection
	GlobalSection(ProjectConfigurationPlatforms) = postSolution
		{6365FF08-F99F-3771-DAB3-A0A2D9305F2C}.Debug|Any CPU.ActiveCfg = Debug|Any CPU
		{6365FF08-F99F-3771-DAB3-A0A2D9305F2C}.Debug|Any CPU.Build.0 = Debug|Any CPU
		{6365FF08-F99F-3771-DAB3-A0A2D9305F2C}.Release|Any CPU.ActiveCfg = Release|Any CPU
		{6365FF08-F99F-3771-DAB3-A0A2D9305F2C}.Release|Any CPU.Build.0 = Release|Any CPU
		{B6872715-4194-4595-B525-FA43FA49704E}.Debug|Any CPU.ActiveCfg = Debug|Any CPU
		{B6872715-4194-4595-B525-FA43FA49704E}.Debug|Any CPU.Build.0 = Debug|Any CPU
		{B6872715-4194-4595-B525-FA43FA49704E}.Release|Any CPU.ActiveCfg = Release|Any CPU
		{B6872715-4194-4595-B525-FA43FA49704E}.Release|Any CPU.Build.0 = Release|Any CPU
	EndGlobalSection
	GlobalSection(SolutionProperties) = preSolution
		HideSolutionNode = FALSE
	EndGlobalSection
	GlobalSection(ExtensibilityGlobals) = postSolution
		SolutionGuid = {512298B2-7F1D-4F7E-8919-6F9CF1322035}
	EndGlobalSection
EndGlobal
